# THIS IS AN AUTOGENERATED FILE. DO NOT EDIT THIS FILE DIRECTLY.
# yarn lockfile v1


"@neurosity/pipes@^3.2.3":
  version "3.2.3"
  resolved "https://registry.yarnpkg.com/@neurosity/pipes/-/pipes-3.2.3.tgz#acc71f9f965c5ba96dd1ba9d1ca9785924217b5e"
  integrity sha512-aDa/iTe7OUbwgFFnRgGcB/hTgBdkr21E5vQbpOXZpByQijB4czGDgXJfFtI3zuLKST3bZuiQ7/ZPBA3+P8GENA==
  dependencies:
    dsp.js "^1.0.1"
    fili "^2.0.1"
    rxjs "^6.3.1"

dsp.js@^1.0.1:
  version "1.0.1"
  resolved "https://registry.yarnpkg.com/dsp.js/-/dsp.js-1.0.1.tgz#02554a223ee514cd0e226cb6fb88d6d0b3e91308"
  integrity sha1-AlVKIj7lFM0OImy2+4jW0LPpEwg=

fili@^2.0.1:
  version "2.0.3"
  resolved "https://registry.yarnpkg.com/fili/-/fili-2.0.3.tgz#a2a62dd77f1f2b98e9afff173d24167f4221a83d"
  integrity sha512-NW/EY++EMP9f4mSpVCjg5PJnAkkxzh170My+R18sh4CSXu3Puxw3Cs4aQmXoUtNg1EonZmvmR5TLcKEJtX5hQg==

rxjs@^6.3.1, rxjs@^6.5.5:
  version "6.5.5"
  resolved "https://registry.yarnpkg.com/rxjs/-/rxjs-6.5.5.tgz#c5c884e3094c8cfee31bf27eb87e54ccfc87f9ec"
  integrity sha512-WfQI+1gohdf0Dai/Bbmk5L5ItH5tYqm3ki2c5GdWhKjalzjg93N3avFjVStyZZz+A2Em+ZxKH5bNghw9UeylGQ==
  dependencies:
    tslib "^1.9.0"

tslib@^1.9.0:
  version "1.11.1"
  resolved "https://registry.yarnpkg.com/tslib/-/tslib-1.11.1.tgz#eb15d128827fbee2841549e171f45ed338ac7e35"
  integrity sha512-aZW88SY8kQbU7gpV19lN24LtXh/yD4ZZg6qieAJDDg+YBsJcSmLGK9QpnUjAKVG/xefmvJGd1WUmfpT/g6AJGA==
